
Microsoft Visual Studio Solution File, Format Version 12.00
# Visual Studio Version 16
VisualStudioVersion = 16.0.29215.179
MinimumVisualStudioVersion = 10.0.40219.1
Project("{FAE04EC0-301F-11D3-BF4B-00C04F79EFBC}") = "Jack", "Jack\Jack.csproj", "{BEE1AA70-BF09-4231-A441-F3D93DBC2434}"
EndProject
Global
	GlobalSection(SolutionConfigurationPlatforms) = preSolution
		Debug|Any CPU = Debug|Any CPU
		Release|Any CPU = Release|Any CPU
	EndGlobalSection
	GlobalSection(ProjectConfigurationPlatforms) = postSolution
		{BEE1AA70-BF09-4231-A441-F3D93DBC2434}.Debug|Any CPU.ActiveCfg = Debug|Any CPU
		{BEE1AA70-BF09-4231-A441-F3D93DBC2434}.Debug|Any CPU.Build.0 = Debug|Any CPU
		{BEE1AA70-BF09-4231-A441-F3D93DBC2434}.Release|Any CPU.ActiveCfg = Release|Any CPU
		{BEE1AA70-BF09-4231-A441-F3D93DBC2434}.Release|Any CPU.Build.0 = Release|Any CPU
	EndGlobalSection
	GlobalSection(SolutionProperties) = preSolution
		HideSolutionNode = FALSE
	EndGlobalSection
	GlobalSection(ExtensibilityGlobals) = postSolution
		SolutionGuid = {77794034-3709-43F6-A1A5-9A861E1BBD07}
	EndGlobalSection
EndGlobal
